
Microsoft Visual Studio Solution File, Format Version 12.00
# Visual Studio Version 16
VisualStudioVersion = 16.0.30204.135
MinimumVisualStudioVersion = 10.0.40219.1
Project("{9A19103F-16F7-4668-BE54-9A1E7A4F7556}") = "TimerTrigger", "TimerTrigger\TimerTrigger.csproj", "{1EA74897-FC33-4833-B7CC-51B92D04CE81}"
EndProject
Project("{9A19103F-16F7-4668-BE54-9A1E7A4F7556}") = "DeadLetterRepro", "DeadLetterRepro\DeadLetterRepro.csproj", "{7EC53667-C7AB-4719-8BB4-8B6E9816362F}"
EndProject
Global
	GlobalSection(SolutionConfigurationPlatforms) = preSolution
		Debug|Any CPU = Debug|Any CPU
		Release|Any CPU = Release|Any CPU
	EndGlobalSection
	GlobalSection(ProjectConfigurationPlatforms) = postSolution
		{1EA74897-FC33-4833-B7CC-51B92D04CE81}.Debug|Any CPU.ActiveCfg = Debug|Any CPU
		{1EA74897-FC33-4833-B7CC-51B92D04CE81}.Debug|Any CPU.Build.0 = Debug|Any CPU
		{1EA74897-FC33-4833-B7CC-51B92D04CE81}.Release|Any CPU.ActiveCfg = Release|Any CPU
		{1EA74897-FC33-4833-B7CC-51B92D04CE81}.Release|Any CPU.Build.0 = Release|Any CPU
		{7EC53667-C7AB-4719-8BB4-8B6E9816362F}.Debug|Any CPU.ActiveCfg = Debug|Any CPU
		{7EC53667-C7AB-4719-8BB4-8B6E9816362F}.Debug|Any CPU.Build.0 = Debug|Any CPU
		{7EC53667-C7AB-4719-8BB4-8B6E9816362F}.Release|Any CPU.ActiveCfg = Release|Any CPU
		{7EC53667-C7AB-4719-8BB4-8B6E9816362F}.Release|Any CPU.Build.0 = Release|Any CPU
	EndGlobalSection
	GlobalSection(SolutionProperties) = preSolution
		HideSolutionNode = FALSE
	EndGlobalSection
	GlobalSection(ExtensibilityGlobals) = postSolution
		SolutionGuid = {2D6532C5-03A8-4AC5-B76F-AD28AC31C495}
	EndGlobalSection
EndGlobal
